// !$*UTF8*$!
{
	archiveVersion = 1;
	classes = {
	};
	objectVersion = 46;
	objects = {

/* Begin PBXBuildFile section */
		102FEF201F075EF300F0087F /* AppDelegate.swift in Sources */ = {isa = PBXBuildFile; fileRef = 102FEF1F1F075EF300F0087F /* AppDelegate.swift */; };
		102FEF221F075EF300F0087F /* ViewController.swift in Sources */ = {isa = PBXBuildFile; fileRef = 102FEF211F075EF300F0087F /* ViewController.swift */; };
		102FEF251F075EF300F0087F /* Main.storyboard in Resources */ = {isa = PBXBuildFile; fileRef = 102FEF231F075EF300F0087F /* Main.storyboard */; };
		102FEF271F075EF300F0087F /* Assets.xcassets in Resources */ = {isa = PBXBuildFile; fileRef = 102FEF261F075EF300F0087F /* Assets.xcassets */; };
		102FEF2A1F075EF300F0087F /* LaunchScreen.storyboard in Resources */ = {isa = PBXBuildFile; fileRef = 102FEF281F075EF300F0087F /* LaunchScreen.storyboard */; };
/* End PBXBuildFile section */

/* Begin PBXFileReference section */
		102FEF1C1F075EF300F0087F /* flowerCollection.app */ = {isa = PBXFileReference; explicitFileType = wrapper.application; includeInIndex = 0; path = flowerCollection.app; sourceTree = BUILT_PRODUCTS_DIR; };
		102FEF1F1F075EF300F0087F /* AppDelegate.swift */ = {isa = PBXFileReference; lastKnownFileType = sourcecode.swift; path = AppDelegate.swift; sourceTree = "<group>"; };
		102FEF211F075EF300F0087F /* ViewController.swift */ = {isa = PBXFileReference; lastKnownFileType = sourcecode.swift; path = ViewController.swift; sourceTree = "<group>"; };
		102FEF241F075EF300F0087F /* Base */ = {isa = PBXFileReference; lastKnownFileType = file.storyboard; name = Base; path = Base.lproj/Main.storyboard; sourceTree = "<group>"; };
		102FEF261F075EF300F0087F /* Assets.xcassets */ = {isa = PBXFileReference; lastKnownFileType = folder.assetcatalog; path = Assets.xcassets; sourceTree = "<group>"; };
		102FEF291F075EF300F0087F /* Base */ = {isa = PBXFileReference; lastKnownFileType = file.storyboard; name = Base; path = Base.lproj/LaunchScreen.storyboard; sourceTree = "<group>"; };
		102FEF2B1F075EF300F0087F /* Info.plist */ = {isa = PBXFileReference; lastKnownFileType = text.plist.xml; path = Info.plist; sourceTree = "<group>"; };
/* End PBXFileReference section */

/* Begin PBXFrameworksBuildPhase section */
		102FEF191F075EF300F0087F /* Frameworks */ = {
			isa = PBXFrameworksBuildPhase;
			buildActionMask = 2147483647;
			files = (
			);
			runOnlyForDeploymentPostprocessing = 0;
		};
/* End PBXFrameworksBuildPhase section */

/* Begin PBXGroup section */
		102FEF131F075EF300F0087F = {
			isa = PBXGroup;
			children = (
				102FEF1E1F075EF300F0087F /* flowerCollection */,
				102FEF1D1F075EF300F0087F /* Products */,
			);
			sourceTree = "<group>";
		};
		102FEF1D1F075EF300F0087F /* Products */ = {
			isa = PBXGroup;
			children = (
				102FEF1C1F075EF300F0087F /* flowerCollection.app */,
			);
			name = Products;
			sourceTree = "<group>";
		};
		102FEF1E1F075EF300F0087F /* flowerCollection */ = {
			isa = PBXGroup;
			children = (
				102FEF1F1F075EF300F0087F /* AppDelegate.swift */,
				102FEF211F075EF300F0087F /* ViewController.swift */,
				102FEF231F075EF300F0087F /* Main.storyboard */,
				102FEF261F075EF300F0087F /* Assets.xcassets */,
				102FEF281F075EF300F0087F /* LaunchScreen.storyboard */,
				102FEF2B1F075EF300F0087F /* Info.plist */,
			);
			path = flowerCollection;
			sourceTree = "<group>";
		};
/* End PBXGroup section */

/* Begin PBXNativeTarget section */
		102FEF1B1F075EF300F0087F /* flowerCollection */ = {
			isa = PBXNativeTarget;
			buildConfigurationList = 102FEF2E1F075EF300F0087F /* Build configuration list for PBXNativeTarget "flowerCollection" */;
			buildPhases = (
				102FEF181F075EF300F0087F /* Sources */,
				102FEF191F075EF300F0087F /* Frameworks */,
				102FEF1A1F075EF300F0087F /* Resources */,
			);
			buildRules = (
			);
			dependencies = (
			);
			name = flowerCollection;
			productName = flowerCollection;
			productReference = 102FEF1C1F075EF300F0087F /* flowerCollection.app */;
			productType = "com.apple.product-type.application";
		};
/* End PBXNativeTarget section */

/* Begin PBXProject section */
		102FEF141F075EF300F0087F /* Project object */ = {
			isa = PBXProject;
			attributes = {
				LastSwiftUpdateCheck = 0830;
				LastUpgradeCheck = 0830;
				ORGANIZATIONNAME = abc;
				TargetAttributes = {
					102FEF1B1F075EF300F0087F = {
						CreatedOnToolsVersion = 8.3.3;
						ProvisioningStyle = Automatic;
					};
				};
			};
			buildConfigurationList = 102FEF171F075EF300F0087F /* Build configuration list for PBXProject "flowerCollection" */;
			compatibilityVersion = "Xcode 3.2";
			developmentRegion = English;
			hasScannedForEncodings = 0;
			knownRegions = (
				en,
				Base,
			);
			mainGroup = 102FEF131F075EF300F0087F;
			productRefGroup = 102FEF1D1F075EF300F0087F /* Products */;
			projectDirPath = "";
			projectRoot = "";
			targets = (
				102FEF1B1F075EF300F0087F /* flowerCollection */,
			);
		};
/* End PBXProject section */

/* Begin PBXResourcesBuildPhase section */
		102FEF1A1F075EF300F0087F /* Resources */ = {
			isa = PBXResourcesBuildPhase;
			buildActionMask = 2147483647;
			files = (
				102FEF2A1F075EF300F0087F /* LaunchScreen.storyboard in Resources */,
				102FEF271F075EF300F0087F /* Assets.xcassets in Resources */,
				102FEF251F075EF300F0087F /* Main.storyboard in Resources */,
			);
			runOnlyForDeploymentPostprocessing = 0;
		};
/* End PBXResourcesBuildPhase section */

/* Begin PBXSourcesBuildPhase section */
		102FEF181F075EF300F0087F /* Sources */ = {
			isa = PBXSourcesBuildPhase;
			buildActionMask = 2147483647;
			files = (
				102FEF221F075EF300F0087F /* ViewController.swift in Sources */,
				102FEF201F075EF300F0087F /* AppDelegate.swift in Sources */,
			);
			runOnlyForDeploymentPostprocessing = 0;
		};
/* End PBXSourcesBuildPhase section */

/* Begin PBXVariantGroup section */
		102FEF231F075EF300F0087F /* Main.storyboard */ = {
			isa = PBXVariantGroup;
			children = (
				102FEF241F075EF300F0087F /* Base */,
			);
			name = Main.storyboard;
			sourceTree = "<group>";
		};
		102FEF281F075EF300F0087F /* LaunchScreen.storyboard */ = {
			isa = PBXVariantGroup;
			children = (
				102FEF291F075EF300F0087F /* Base */,
			);
			name = LaunchScreen.storyboard;
			sourceTree = "<group>";
		};
/* End PBXVariantGroup section */

/* Begin XCBuildConfiguration section */
		102FEF2C1F075EF300F0087F /* Debug */ = {
			isa = XCBuildConfiguration;
			buildSettings = {
				ALWAYS_SEARCH_USER_PATHS = NO;
				CLANG_ANALYZER_NONNULL = YES;
				CLANG_ANALYZER_NUMBER_OBJECT_CONVERSION = YES_AGGRESSIVE;
				CLANG_CXX_LANGUAGE_STANDARD = "gnu++0x";
				CLANG_CXX_LIBRARY = "libc++";
				CLANG_ENABLE_MODULES = YES;
				CLANG_ENABLE_OBJC_ARC = YES;
				CLANG_WARN_BOOL_CONVERSION = YES;
				CLANG_WARN_CONSTANT_CONVERSION = YES;
				CLANG_WARN_DIRECT_OBJC_ISA_USAGE = YES_ERROR;
				CLANG_WARN_DOCUMENTATION_COMMENTS = YES;
				CLANG_WARN_EMPTY_BODY = YES;
				CLANG_WARN_ENUM_CONVERSION = YES;
				CLANG_WARN_INFINITE_RECURSION = YES;
				CLANG_WARN_INT_CONVERSION = YES;
				CLANG_WARN_OBJC_ROOT_CLASS = YES_ERROR;
				CLANG_WARN_SUSPICIOUS_MOVE = YES;
				CLANG_WARN_UNREACHABLE_CODE = YES;
				CLANG_WARN__DUPLICATE_METHOD_MATCH = YES;
				"CODE_SIGN_IDENTITY[sdk=iphoneos*]" = "iPhone Developer";
				COPY_PHASE_STRIP = NO;
				DEBUG_INFORMATION_FORMAT = dwarf;
				ENABLE_STRICT_OBJC_MSGSEND = YES;
				ENABLE_TESTABILITY = YES;
				GCC_C_LANGUAGE_STANDARD = gnu99;
				GCC_DYNAMIC_NO_PIC = NO;
				GCC_NO_COMMON_BLOCKS = YES;
				GCC_OPTIMIZATION_LEVEL = 0;
				GCC_PREPROCESSOR_DEFINITIONS = (
					"DEBUG=1",
					"$(inherited)",
				);
				GCC_WARN_64_TO_32_BIT_CONVERSION = YES;
				GCC_WARN_ABOUT_RETURN_TYPE = YES_ERROR;
				GCC_WARN_UNDECLARED_SELECTOR = YES;
				GCC_WARN_UNINITIALIZED_AUTOS = YES_AGGRESSIVE;
				GCC_WARN_UNUSED_FUNCTION = YES;
				GCC_WARN_UNUSED_VARIABLE = YES;
				IPHONEOS_DEPLOYMENT_TARGET = 10.3;
				MTL_ENABLE_DEBUG_INFO = YES;
				ONLY_ACTIVE_ARCH = YES;
				SDKROOT = iphoneos;
				SWIFT_ACTIVE_COMPILATION_CONDITIONS = DEBUG;
				SWIFT_OPTIMIZATION_LEVEL = "-Onone";
			};
			name = Debug;
		};
		102FEF2D1F075EF300F0087F /* Release */ = {
			isa = XCBuildConfiguration;
			buildSettings = {
				ALWAYS_SEARCH_USER_PATHS = NO;
				CLANG_ANALYZER_NONNULL = YES;
				CLANG_ANALYZER_NUMBER_OBJECT_CONVERSION = YES_AGGRESSIVE;
				CLANG_CXX_LANGUAGE_STANDARD = "gnu++0x";
				CLANG_CXX_LIBRARY = "libc++";
				CLANG_ENABLE_MODULES = YES;
				CLANG_ENABLE_OBJC_ARC = YES;
				CLANG_WARN_BOOL_CONVERSION = YES;
				CLANG_WARN_CONSTANT_CONVERSION = YES;
				CLANG_WARN_DIRECT_OBJC_ISA_USAGE = YES_ERROR;
				CLANG_WARN_DOCUMENTATION_COMMENTS = YES;
				CLANG_WARN_EMPTY_BODY = YES;
				CLANG_WARN_ENUM_CONVERSION = YES;
				CLANG_WARN_INFINITE_RECURSION = YES;
				CLANG_WARN_INT_CONVERSION = YES;
				CLANG_WARN_OBJC_ROOT_CLASS = YES_ERROR;
				CLANG_WARN_SUSPICIOUS_MOVE = YES;
				CLANG_WARN_UNREACHABLE_CODE = YES;
				CLANG_WARN__DUPLICATE_METHOD_MATCH = YES;
				"CODE_SIGN_IDENTITY[sdk=iphoneos*]" = "iPhone Developer";
				COPY_PHASE_STRIP = NO;
				DEBUG_INFORMATION_FORMAT = "dwarf-with-dsym";
				ENABLE_NS_ASSERTIONS = NO;
				ENABLE_STRICT_OBJC_MSGSEND = YES;
				GCC_C_LANGUAGE_STANDARD = gnu99;
				GCC_NO_COMMON_BLOCKS = YES;
				GCC_WARN_64_TO_32_BIT_CONVERSION = YES;
				GCC_WARN_ABOUT_RETURN_TYPE = YES_ERROR;
				GCC_WARN_UNDECLARED_SELECTOR = YES;
				GCC_WARN_UNINITIALIZED_AUTOS = YES_AGGRESSIVE;
				GCC_WARN_UNUSED_FUNCTION = YES;
				GCC_WARN_UNUSED_VARIABLE = YES;
				IPHONEOS_DEPLOYMENT_TARGET = 10.3;
				MTL_ENABLE_DEBUG_INFO = NO;
				SDKROOT = iphoneos;
				SWIFT_OPTIMIZATION_LEVEL = "-Owholemodule";
				VALIDATE_PRODUCT = YES;
			};
			name = Release;
		};
		102FEF2F1F075EF300F0087F /* Debug */ = {
			isa = XCBuildConfiguration;
			buildSettings = {
				ASSETCATALOG_COMPILER_APPICON_NAME = AppIcon;
				INFOPLIST_FILE = flowerCollection/Info.plist;
				LD_RUNPATH_SEARCH_PATHS = "$(inherited) @executable_path/Frameworks";
				PRODUCT_BUNDLE_IDENTIFIER = jp.abc.flowerCollection;
				PRODUCT_NAME = "$(TARGET_NAME)";
				SWIFT_VERSION = 3.0;
			};
			name = Debug;
		};
		102FEF301F075EF300F0087F /* Release */ = {
			isa = XCBuildConfiguration;
			buildSettings = {
				ASSETCATALOG_COMPILER_APPICON_NAME = AppIcon;
				INFOPLIST_FILE = flowerCollection/Info.plist;
				LD_RUNPATH_SEARCH_PATHS = "$(inherited) @executable_path/Frameworks";
				PRODUCT_BUNDLE_IDENTIFIER = jp.abc.flowerCollection;
				PRODUCT_NAME = "$(TARGET_NAME)";
				SWIFT_VERSION = 3.0;
			};
			name = Release;
		};
/* End XCBuildConfiguration section */

/* Begin XCConfigurationList section */
		102FEF171F075EF300F0087F /* Build configuration list for PBXProject "flowerCollection" */ = {
			isa = XCConfigurationList;
			buildConfigurations = (
				102FEF2C1F075EF300F0087F /* Debug */,
				102FEF2D1F075EF300F0087F /* Release */,
			);
			defaultConfigurationIsVisible = 0;
			defaultConfigurationName = Release;
		};
		102FEF2E1F075EF300F0087F /* Build configuration list for PBXNativeTarget "flowerCollection" */ = {
			isa = XCConfigurationList;
			buildConfigurations = (
				102FEF2F1F075EF300F0087F /* Debug */,
				102FEF301F075EF300F0087F /* Release */,
			);
			defaultConfigurationIsVisible = 0;
		};
/* End XCConfigurationList section */
	};
	rootObject = 102FEF141F075EF300F0087F /* Project object */;
}
